
Microsoft Visual Studio Solution File, Format Version 12.00
# Visual Studio 15
VisualStudioVersion = 15.0.27130.2010
MinimumVisualStudioVersion = 10.0.40219.1
Project("{8BC9CEB8-8B4A-11D0-8D11-00A0C91BC942}") = "Win_getopt", "Win_getopt.vcxproj", "{621B44CE-B314-4E05-B214-5DC70F2B4798}"
EndProject
Global
	GlobalSection(SolutionConfigurationPlatforms) = preSolution
		Debug|x64 = Debug|x64
		Debug|x86 = Debug|x86
		Release|x64 = Release|x64
		Release|x86 = Release|x86
		Static-Debug|x64 = Static-Debug|x64
		Static-Debug|x86 = Static-Debug|x86
		Static-Release|x64 = Static-Release|x64
		Static-Release|x86 = Static-Release|x86
	EndGlobalSection
	GlobalSection(ProjectConfigurationPlatforms) = postSolution
		{621B44CE-B314-4E05-B214-5DC70F2B4798}.Debug|x64.ActiveCfg = Debug|x64
		{621B44CE-B314-4E05-B214-5DC70F2B4798}.Debug|x64.Build.0 = Debug|x64
		{621B44CE-B314-4E05-B214-5DC70F2B4798}.Debug|x86.ActiveCfg = Debug|Win32
		{621B44CE-B314-4E05-B214-5DC70F2B4798}.Debug|x86.Build.0 = Debug|Win32
		{621B44CE-B314-4E05-B214-5DC70F2B4798}.Release|x64.ActiveCfg = Release|x64
		{621B44CE-B314-4E05-B214-5DC70F2B4798}.Release|x64.Build.0 = Release|x64
		{621B44CE-B314-4E05-B214-5DC70F2B4798}.Release|x86.ActiveCfg = Release|Win32
		{621B44CE-B314-4E05-B214-5DC70F2B4798}.Release|x86.Build.0 = Release|Win32
		{621B44CE-B314-4E05-B214-5DC70F2B4798}.Static-Debug|x64.ActiveCfg = Static-Debug|x64
		{621B44CE-B314-4E05-B214-5DC70F2B4798}.Static-Debug|x64.Build.0 = Static-Debug|x64
		{621B44CE-B314-4E05-B214-5DC70F2B4798}.Static-Debug|x86.ActiveCfg = Static-Debug|Win32
		{621B44CE-B314-4E05-B214-5DC70F2B4798}.Static-Debug|x86.Build.0 = Static-Debug|Win32
		{621B44CE-B314-4E05-B214-5DC70F2B4798}.Static-Release|x64.ActiveCfg = Static-Release|x64
		{621B44CE-B314-4E05-B214-5DC70F2B4798}.Static-Release|x64.Build.0 = Static-Release|x64
		{621B44CE-B314-4E05-B214-5DC70F2B4798}.Static-Release|x86.ActiveCfg = Static-Release|Win32
		{621B44CE-B314-4E05-B214-5DC70F2B4798}.Static-Release|x86.Build.0 = Static-Release|Win32
	EndGlobalSection
	GlobalSection(SolutionProperties) = preSolution
		HideSolutionNode = FALSE
	EndGlobalSection
EndGlobal
